# generated by rye
# use `rye lock` or `rye sync` to update this lockfile
#
# last locked with the following flags:
#   pre: false
#   features: []
#   all-features: false
#   with-sources: false
#   generate-hashes: false
#   universal: false

-e file:.
iniconfig==2.0.0
    # via pytest
joblib==1.4.2
    # via scikit-learn
numpy==2.2.3
    # via cmtf-pls
    # via pandas
    # via scikit-learn
    # via scipy
    # via tensorly
packaging==24.2
    # via pytest
pandas==2.2.3
    # via cmtf-pls
pluggy==1.5.0
    # via pytest
pytest==8.3.4
python-dateutil==2.9.0.post0
    # via pandas
pytz==2025.1
    # via pandas
scikit-learn==1.6.1
    # via cmtf-pls
scipy==1.15.2
    # via scikit-learn
    # via tensorly
six==1.17.0
    # via python-dateutil
tensorly==0.9.0
    # via cmtf-pls
threadpoolctl==3.5.0
    # via scikit-learn
tzdata==2025.1
    # via pandas
